PODS:
  - Alamofire (4.9.1)
  - Chart.swift (1.2):
    - SnapKit (~> 5.0)
  - GRDB.swift (4.11.0):
    - GRDB.swift/standard (= 4.11.0)
  - GRDB.swift/standard (4.11.0)
  - ObjectMapper (3.5.2)
  - RxCocoa (5.1.0):
    - RxRelay (~> 5)
    - RxSwift (~> 5)
  - RxRelay (5.1.0):
    - RxSwift (~> 5)
  - RxSwift (5.1.0)
  - RxSwiftExt (5.2.0):
    - RxSwiftExt/Core (= 5.2.0)
    - RxSwiftExt/RxCocoa (= 5.2.0)
  - RxSwiftExt/Core (5.2.0):
    - RxSwift (~> 5.0)
  - RxSwiftExt/RxCocoa (5.2.0):
    - RxCocoa (~> 5.0)
    - RxSwiftExt/Core
  - SnapKit (5.0.1)
  - XRatesKit.swift (0.5):
    - Alamofire (~> 4.0)
    - GRDB.swift (~> 4.0)
    - ObjectMapper (~> 3.5)
    - RxSwift (~> 5.0)
    - RxSwiftExt (~> 5)

DEPENDENCIES:
  - Chart.swift
  - SnapKit
  - XRatesKit.swift (from `../`)

SPEC REPOS:
  trunk:
    - Alamofire
    - Chart.swift
    - GRDB.swift
    - ObjectMapper
    - RxCocoa
    - RxRelay
    - RxSwift
    - RxSwiftExt
    - SnapKit

EXTERNAL SOURCES:
  XRatesKit.swift:
    :path: "../"

SPEC CHECKSUMS:
  Alamofire: 85e8a02c69d6020a0d734f6054870d7ecb75cf18
  Chart.swift: 2634973317e2637347d160b99992b7b21cbf7644
  GRDB.swift: 22e9d04cb732dfa9fa4440bc0bbb069ee8195183
  ObjectMapper: b53ae947d370bf89423e86be7d4e2d2b2a8d3f40
  RxCocoa: 13d2a4d7546a34b8ececae8c281e4ea1dbb94f2b
  RxRelay: a168bd6caf712d00c676ac344e9295afc93b418e
  RxSwift: ad5874f24bb0dbffd1e9bb8443604e3578796c7a
  RxSwiftExt: 4ca80336f43c28f11a2825cdd2fc61dd6c044697
  SnapKit: 97b92857e3df3a0c71833cce143274bf6ef8e5eb
  XRatesKit.swift: 568660675ce881653095645bc9e30dbc1abc5578

PODFILE CHECKSUM: d8439d8c383e94827c017b9bea65356bdc87fc67

COCOAPODS: 1.8.4
