PODS:
  - Alamofire (5.2.2)
  - Chart.swift (1.2):
    - SnapKit (~> 5.0)
  - GRDB.swift (4.14.0):
    - GRDB.swift/standard (= 4.14.0)
  - GRDB.swift/standard (4.14.0)
  - HsToolKit.swift (1.1.0):
    - Alamofire (~> 5.0)
    - ObjectMapper (~> 3.0)
    - RxSwift (~> 5.0)
  - ObjectMapper (3.5.3)
  - RxCocoa (5.1.1):
    - RxRelay (~> 5)
    - RxSwift (~> 5)
  - RxRelay (5.1.1):
    - RxSwift (~> 5)
  - RxSwift (5.1.1)
  - RxSwiftExt (5.2.0):
    - RxSwiftExt/Core (= 5.2.0)
    - RxSwiftExt/RxCocoa (= 5.2.0)
  - RxSwiftExt/Core (5.2.0):
    - RxSwift (~> 5.0)
  - RxSwiftExt/RxCocoa (5.2.0):
    - RxCocoa (~> 5.0)
    - RxSwiftExt/Core
  - SnapKit (5.0.1)
  - XRatesKit.swift (0.5):
    - GRDB.swift (~> 4.0)
    - HsToolKit.swift (~> 1.1.0)
    - ObjectMapper (~> 3.5.2)
    - RxSwift (~> 5.0)
    - RxSwiftExt (~> 5)

DEPENDENCIES:
  - Chart.swift
  - HsToolKit.swift (from `https://github.com/horizontalsystems/hs-tool-kit-ios`)
  - SnapKit
  - XRatesKit.swift (from `../`)

SPEC REPOS:
  trunk:
    - Alamofire
    - Chart.swift
    - GRDB.swift
    - ObjectMapper
    - RxCocoa
    - RxRelay
    - RxSwift
    - RxSwiftExt
    - SnapKit

EXTERNAL SOURCES:
  HsToolKit.swift:
    :git: https://github.com/horizontalsystems/hs-tool-kit-ios
  XRatesKit.swift:
    :path: "../"

CHECKOUT OPTIONS:
  HsToolKit.swift:
    :commit: 52d655b99381d1940e215f22382f0814cc0c8bc3
    :git: https://github.com/horizontalsystems/hs-tool-kit-ios

SPEC CHECKSUMS:
  Alamofire: 814429acc853c6c54ff123fc3d2ef66803823ce0
  Chart.swift: 2634973317e2637347d160b99992b7b21cbf7644
  GRDB.swift: 8cc3ab7c8b8b4ac1761deb8dca4b51c1c9d429f8
  HsToolKit.swift: d47ef3e8c507a6e980f2f6d819c5b0cf05845910
  ObjectMapper: 97111c97e054a6ee25917662106689f0b4127b37
  RxCocoa: 32065309a38d29b5b0db858819b5bf9ef038b601
  RxRelay: d77f7d771495f43c556cbc43eebd1bb54d01e8e9
  RxSwift: 81470a2074fa8780320ea5fe4102807cb7118178
  RxSwiftExt: 4ca80336f43c28f11a2825cdd2fc61dd6c044697
  SnapKit: 97b92857e3df3a0c71833cce143274bf6ef8e5eb
  XRatesKit.swift: e30efad6badf909b67cad6914ac29e6dbc50079d

PODFILE CHECKSUM: 09ceddc9ba237699ff4ff3920aa616534f1da670

COCOAPODS: 1.10.0
