PODS:
  - Alamofire (4.9.0)
  - Cuckoo (1.2.0):
    - Cuckoo/Swift (= 1.2.0)
  - Cuckoo/Swift (1.2.0)
  - GRDB.swift (4.5.0):
    - GRDB.swift/standard (= 4.5.0)
  - GRDB.swift/standard (4.5.0)
  - Nimble (8.0.4)
  - ObjectMapper (3.5.1)
  - Quick (2.2.0)
  - RxSwift (5.0.0)
  - SnapKit (5.0.1)

DEPENDENCIES:
  - Alamofire (~> 4.0)
  - Cuckoo
  - GRDB.swift (~> 4.0)
  - Nimble
  - ObjectMapper
  - Quick
  - RxSwift (~> 5.0)
  - SnapKit

SPEC REPOS:
  https://github.com/cocoapods/specs.git:
    - Alamofire
    - Cuckoo
    - GRDB.swift
    - Nimble
    - ObjectMapper
    - Quick
    - RxSwift
    - SnapKit

SPEC CHECKSUMS:
  Alamofire: afc3e7c6db61476cb45cdd23fed06bad03bbc321
  Cuckoo: f5f4e7c308c512cc2dedbdce23f5dc6985cb5173
  GRDB.swift: f9c4cabfb4d1266685e80b1f6ea433eb61c7950c
  Nimble: 18d5360282923225d62b09d781f63abc1a0111fc
  ObjectMapper: 70187b8941977c62ccfb423caf6b50be405cabf0
  Quick: 7fb19e13be07b5dfb3b90d4f9824c855a11af40e
  RxSwift: 8b0671caa829a763bbce7271095859121cbd895f
  SnapKit: 97b92857e3df3a0c71833cce143274bf6ef8e5eb

PODFILE CHECKSUM: c9dc88815491be70e671cb8cc5e1031f60c92952

COCOAPODS: 1.7.5
